
Microsoft Visual Studio Solution File, Format Version 12.00
# Visual Studio Version 16
VisualStudioVersion = 16.0.29020.237
MinimumVisualStudioVersion = 10.0.40219.1
Project("{FAE04EC0-301F-11D3-BF4B-00C04F79EFBC}") = "SeleniumLessons", "SeleniumLessons\SeleniumLessons.csproj", "{42F5B8EE-67D7-4A3D-966D-906A79624E3A}"
EndProject
Global
	GlobalSection(SolutionConfigurationPlatforms) = preSolution
		Debug|Any CPU = Debug|Any CPU
		Release|Any CPU = Release|Any CPU
	EndGlobalSection
	GlobalSection(ProjectConfigurationPlatforms) = postSolution
		{42F5B8EE-67D7-4A3D-966D-906A79624E3A}.Debug|Any CPU.ActiveCfg = Debug|Any CPU
		{42F5B8EE-67D7-4A3D-966D-906A79624E3A}.Debug|Any CPU.Build.0 = Debug|Any CPU
		{42F5B8EE-67D7-4A3D-966D-906A79624E3A}.Release|Any CPU.ActiveCfg = Release|Any CPU
		{42F5B8EE-67D7-4A3D-966D-906A79624E3A}.Release|Any CPU.Build.0 = Release|Any CPU
	EndGlobalSection
	GlobalSection(SolutionProperties) = preSolution
		HideSolutionNode = FALSE
	EndGlobalSection
	GlobalSection(ExtensibilityGlobals) = postSolution
		SolutionGuid = {50FD402F-1BCC-49CE-B0D3-3AE3012EBAF8}
	EndGlobalSection
EndGlobal
